
Microsoft Visual Studio Solution File, Format Version 12.00
# Visual Studio 15
VisualStudioVersion = 15.0.26228.9
MinimumVisualStudioVersion = 10.0.40219.1
Project("{FAE04EC0-301F-11D3-BF4B-00C04F79EFBC}") = "RandoPaper", "RandoPaper\RandoPaper.csproj", "{F07D03DE-3F7F-437F-8B19-35783ACC54E2}"
EndProject
Project("{FAE04EC0-301F-11D3-BF4B-00C04F79EFBC}") = "WallPaperModel", "..\WPLib\WPLib\WallPaperModel.csproj", "{D3E59EB6-9568-44E3-A7DD-B7BB0BA616EC}"
EndProject
Global
	GlobalSection(Performance) = preSolution
		HasPerformanceSessions = true
	EndGlobalSection
	GlobalSection(SolutionConfigurationPlatforms) = preSolution
		Debug|Any CPU = Debug|Any CPU
		Release|Any CPU = Release|Any CPU
	EndGlobalSection
	GlobalSection(ProjectConfigurationPlatforms) = postSolution
		{F07D03DE-3F7F-437F-8B19-35783ACC54E2}.Debug|Any CPU.ActiveCfg = Debug|Any CPU
		{F07D03DE-3F7F-437F-8B19-35783ACC54E2}.Debug|Any CPU.Build.0 = Debug|Any CPU
		{F07D03DE-3F7F-437F-8B19-35783ACC54E2}.Release|Any CPU.ActiveCfg = Release|Any CPU
		{F07D03DE-3F7F-437F-8B19-35783ACC54E2}.Release|Any CPU.Build.0 = Release|Any CPU
		{D3E59EB6-9568-44E3-A7DD-B7BB0BA616EC}.Debug|Any CPU.ActiveCfg = Debug|Any CPU
		{D3E59EB6-9568-44E3-A7DD-B7BB0BA616EC}.Debug|Any CPU.Build.0 = Debug|Any CPU
		{D3E59EB6-9568-44E3-A7DD-B7BB0BA616EC}.Release|Any CPU.ActiveCfg = Release|Any CPU
		{D3E59EB6-9568-44E3-A7DD-B7BB0BA616EC}.Release|Any CPU.Build.0 = Release|Any CPU
	EndGlobalSection
	GlobalSection(SolutionProperties) = preSolution
		HideSolutionNode = FALSE
	EndGlobalSection
EndGlobal
